
Microsoft Visual Studio Solution File, Format Version 12.00
# Visual Studio Version 16
VisualStudioVersion = 25.0.1705.0
MinimumVisualStudioVersion = 10.0.40219.1
Project("{FAE04EC0-301F-11D3-BF4B-00C04F79EFBC}") = "AplikacaDlaKolekcji", "AplikacaDlaKolekcji\AplikacaDlaKolekcji.csproj", "{B337627B-6D3F-4BEF-9CB6-DB5D3D54294C}"
EndProject
Global
	GlobalSection(SolutionConfigurationPlatforms) = preSolution
		Debug|Any CPU = Debug|Any CPU
		Release|Any CPU = Release|Any CPU
	EndGlobalSection
	GlobalSection(ProjectConfigurationPlatforms) = postSolution
		{B337627B-6D3F-4BEF-9CB6-DB5D3D54294C}.Debug|Any CPU.ActiveCfg = Debug|Any CPU
		{B337627B-6D3F-4BEF-9CB6-DB5D3D54294C}.Debug|Any CPU.Build.0 = Debug|Any CPU
		{B337627B-6D3F-4BEF-9CB6-DB5D3D54294C}.Release|Any CPU.ActiveCfg = Release|Any CPU
		{B337627B-6D3F-4BEF-9CB6-DB5D3D54294C}.Release|Any CPU.Build.0 = Release|Any CPU
	EndGlobalSection
	GlobalSection(SolutionProperties) = preSolution
		HideSolutionNode = FALSE
	EndGlobalSection
	GlobalSection(ExtensibilityGlobals) = postSolution
		SolutionGuid = {64CB2DAC-16C9-4F15-8821-DB3290C10996}
	EndGlobalSection
EndGlobal
